// !$*UTF8*$!
{
	archiveVersion = 1;
	classes = {
	};
	objectVersion = 77;
	objects = {

/* Begin PBXContainerItemProxy section */
		AFBB7A0630153DE6002FBECF /* PBXContainerItemProxy */ = {
			isa = PBXContainerItemProxy;
			containerPortal = AFBB79EB30153DE5002FBECF /* Project object */;
			proxyType = 1;
			remoteGlobalIDString = AFBB79F230153DE5002FBECF;
			remoteInfo = "fast-vocab";
		};
		AFBB7A1030153DE6002FBECF /* PBXContainerItemProxy */ = {
			isa = PBXContainerItemProxy;
			containerPortal = AFBB79EB30153DE5002FBECF /* Project object */;
			proxyType = 1;
			remoteGlobalIDString = AFBB79F230153DE5002FBECF;
			remoteInfo = "fast-vocab";
		};
/* End PBXContainerItemProxy section */

/* Begin PBXFileReference section */
		AFBB79F330153DE5002FBECF /* fast-vocab.app */ = {isa = PBXFileReference; explicitFileType = wrapper.application; includeInIndex = 0; path = "fast-vocab.app"; sourceTree = BUILT_PRODUCTS_DIR; };
		AFBB7A0530153DE6002FBECF /* fast-vocabTests.xctest */ = {isa = PBXFileReference; explicitFileType = wrapper.cfbundle; includeInIndex = 0; path = "fast-vocabTests.xctest"; sourceTree = BUILT_PRODUCTS_DIR; };
		AFBB7A0F30153DE6002FBECF /* fast-vocabUITests.xctest */ = {isa = PBXFileReference; explicitFileType = wrapper.cfbundle; includeInIndex = 0; path = "fast-vocabUITests.xctest"; sourceTree = BUILT_PRODUCTS_DIR; };
/* End PBXFileReference section */

/* Begin PBXFileSystemSynchronizedRootGroup section */
		AFBB79F530153DE5002FBECF /* fast-vocab */ = {
			isa = PBXFileSystemSynchronizedRootGroup;
			path = "fast-vocab";
			sourceTree = "<group>";
		};
		AFBB7A0830153DE6002FBECF /* fast-vocabTests */ = {
			isa = PBXFileSystemSynchronizedRootGroup;
			path = "fast-vocabTests";
			sourceTree = "<group>";
		};
		AFBB7A1230153DE6002FBECF /* fast-vocabUITests */ = {
			isa = PBXFileSystemSynchronizedRootGroup;
			path = "fast-vocabUITests";
			sourceTree = "<group>";
		};
/* End PBXFileSystemSynchronizedRootGroup section */

/* Begin PBXFrameworksBuildPhase section */
		AFBB79F030153DE5002FBECF /* Frameworks */ = {
			isa = PBXFrameworksBuildPhase;
			buildActionMask = 2147483647;
			files = (
			);
			runOnlyForDeploymentPostprocessing = 0;
		};
		AFBB7A0230153DE6002FBECF /* Frameworks */ = {
			isa = PBXFrameworksBuildPhase;
			buildActionMask = 2147483647;
			files = (
			);
			runOnlyForDeploymentPostprocessing = 0;
		};
		AFBB7A0C30153DE6002FBECF /* Frameworks */ = {
			isa = PBXFrameworksBuildPhase;
			buildActionMask = 2147483647;
			files = (
			);
			runOnlyForDeploymentPostprocessing = 0;
		};
/* End PBXFrameworksBuildPhase section */

/* Begin PBXGroup section */
		AFBB79EA30153DE5002FBECF = {
			isa = PBXGroup;
			children = (
				AFBB79F530153DE5002FBECF /* fast-vocab */,
				AFBB7A0830153DE6002FBECF /* fast-vocabTests */,
				AFBB7A1230153DE6002FBECF /* fast-vocabUITests */,
				AFBB79F430153DE5002FBECF /* Products */,
			);
			sourceTree = "<group>";
		};
		AFBB79F430153DE5002FBECF /* Products */ = {
			isa = PBXGroup;
			children = (
				AFBB79F330153DE5002FBECF /* fast-vocab.app */,
				AFBB7A0530153DE6002FBECF /* fast-vocabTests.xctest */,
				AFBB7A0F30153DE6002FBECF /* fast-vocabUITests.xctest */,
			);
			name = Products;
			sourceTree = "<group>";
		};
/* End PBXGroup section */

/* Begin PBXNativeTarget section */
		AFBB79F230153DE5002FBECF /* fast-vocab */ = {
			isa = PBXNativeTarget;
			buildConfigurationList = AFBB7A1930153DE6002FBECF /* Build configuration list for PBXNativeTarget "fast-vocab" */;
			buildPhases = (
				AFBB79EF30153DE5002FBECF /* Sources */,
				AFBB79F030153DE5002FBECF /* Frameworks */,
				AFBB79F130153DE5002FBECF /* Resources */,
			);
			buildRules = (
			);
			dependencies = (
			);
			fileSystemSynchronizedGroups = (
				AFBB79F530153DE5002FBECF /* fast-vocab */,
			);
			name = "fast-vocab";
			packageProductDependencies = (
			);
			productName = "fast-vocab";
			productReference = AFBB79F330153DE5002FBECF /* fast-vocab.app */;
			productType = "com.apple.product-type.application";
		};
		AFBB7A0430153DE6002FBECF /* fast-vocabTests */ = {
			isa = PBXNativeTarget;
			buildConfigurationList = AFBB7A1C30153DE6002FBECF /* Build configuration list for PBXNativeTarget "fast-vocabTests" */;
			buildPhases = (
				AFBB7A0130153DE6002FBECF /* Sources */,
				AFBB7A0230153DE6002FBECF /* Frameworks */,
				AFBB7A0330153DE6002FBECF /* Resources */,
			);
			buildRules = (
			);
			dependencies = (
				AFBB7A0730153DE6002FBECF /* PBXTargetDependency */,
			);
			fileSystemSynchronizedGroups = (
				AFBB7A0830153DE6002FBECF /* fast-vocabTests */,
			);
			name = "fast-vocabTests";
			packageProductDependencies = (
			);
			productName = "fast-vocabTests";
			productReference = AFBB7A0530153DE6002FBECF /* fast-vocabTests.xctest */;
			productType = "com.apple.product-type.bundle.unit-test";
		};
		AFBB7A0E30153DE6002FBECF /* fast-vocabUITests */ = {
			isa = PBXNativeTarget;
			buildConfigurationList = AFBB7A1F30153DE6002FBECF /* Build configuration list for PBXNativeTarget "fast-vocabUITests" */;
			buildPhases = (
				AFBB7A0B30153DE6002FBECF /* Sources */,
				AFBB7A0C30153DE6002FBECF /* Frameworks */,
				AFBB7A0D30153DE6002FBECF /* Resources */,
			);
			buildRules = (
			);
			dependencies = (
				AFBB7A1130153DE6002FBECF /* PBXTargetDependency */,
			);
			fileSystemSynchronizedGroups = (
				AFBB7A1230153DE6002FBECF /* fast-vocabUITests */,
			);
			name = "fast-vocabUITests";
			packageProductDependencies = (
			);
			productName = "fast-vocabUITests";
			productReference = AFBB7A0F30153DE6002FBECF /* fast-vocabUITests.xctest */;
			productType = "com.apple.product-type.bundle.ui-testing";
		};
/* End PBXNativeTarget section */

/* Begin PBXProject section */
		AFBB79EB30153DE5002FBECF /* Project object */ = {
			isa = PBXProject;
			attributes = {
				BuildIndependentTargetsInParallel = 1;
				LastSwiftUpdateCheck = 1620;
				LastUpgradeCheck = 1620;
				TargetAttributes = {
					AFBB79F230153DE5002FBECF = {
						CreatedOnToolsVersion = 16.2;
					};
					AFBB7A0430153DE6002FBECF = {
						CreatedOnToolsVersion = 16.2;
						TestTargetID = AFBB79F230153DE5002FBECF;
					};
					AFBB7A0E30153DE6002FBECF = {
						CreatedOnToolsVersion = 16.2;
						TestTargetID = AFBB79F230153DE5002FBECF;
					};
				};
			};
			buildConfigurationList = AFBB79EE30153DE5002FBECF /* Build configuration list for PBXProject "fast-vocab" */;
			developmentRegion = en;
			hasScannedForEncodings = 0;
			knownRegions = (
				en,
				Base,
			);
			mainGroup = AFBB79EA30153DE5002FBECF;
			minimizedProjectReferenceProxies = 1;
			preferredProjectObjectVersion = 77;
			productRefGroup = AFBB79F430153DE5002FBECF /* Products */;
			projectDirPath = "";
			projectRoot = "";
			targets = (
				AFBB79F230153DE5002FBECF /* fast-vocab */,
				AFBB7A0430153DE6002FBECF /* fast-vocabTests */,
				AFBB7A0E30153DE6002FBECF /* fast-vocabUITests */,
			);
		};
/* End PBXProject section */

/* Begin PBXResourcesBuildPhase section */
		AFBB79F130153DE5002FBECF /* Resources */ = {
			isa = PBXResourcesBuildPhase;
			buildActionMask = 2147483647;
			files = (
			);
			runOnlyForDeploymentPostprocessing = 0;
		};
		AFBB7A0330153DE6002FBECF /* Resources */ = {
			isa = PBXResourcesBuildPhase;
			buildActionMask = 2147483647;
			files = (
			);
			runOnlyForDeploymentPostprocessing = 0;
		};
		AFBB7A0D30153DE6002FBECF /* Resources */ = {
			isa = PBXResourcesBuildPhase;
			buildActionMask = 2147483647;
			files = (
			);
			runOnlyForDeploymentPostprocessing = 0;
		};
/* End PBXResourcesBuildPhase section */

/* Begin PBXSourcesBuildPhase section */
		AFBB79EF30153DE5002FBECF /* Sources */ = {
			isa = PBXSourcesBuildPhase;
			buildActionMask = 2147483647;
			files = (
			);
			runOnlyForDeploymentPostprocessing = 0;
		};
		AFBB7A0130153DE6002FBECF /* Sources */ = {
			isa = PBXSourcesBuildPhase;
			buildActionMask = 2147483647;
			files = (
			);
			runOnlyForDeploymentPostprocessing = 0;
		};
		AFBB7A0B30153DE6002FBECF /* Sources */ = {
			isa = PBXSourcesBuildPhase;
			buildActionMask = 2147483647;
			files = (
			);
			runOnlyForDeploymentPostprocessing = 0;
		};
/* End PBXSourcesBuildPhase section */

/* Begin PBXTargetDependency section */
		AFBB7A0730153DE6002FBECF /* PBXTargetDependency */ = {
			isa = PBXTargetDependency;
			target = AFBB79F230153DE5002FBECF /* fast-vocab */;
			targetProxy = AFBB7A0630153DE6002FBECF /* PBXContainerItemProxy */;
		};
		AFBB7A1130153DE6002FBECF /* PBXTargetDependency */ = {
			isa = PBXTargetDependency;
			target = AFBB79F230153DE5002FBECF /* fast-vocab */;
			targetProxy = AFBB7A1030153DE6002FBECF /* PBXContainerItemProxy */;
		};
/* End PBXTargetDependency section */

/* Begin XCBuildConfiguration section */
		AFBB7A1730153DE6002FBECF /* Debug */ = {
			isa = XCBuildConfiguration;
			buildSettings = {
				ALWAYS_SEARCH_USER_PATHS = NO;
				ASSETCATALOG_COMPILER_GENERATE_SWIFT_ASSET_SYMBOL_EXTENSIONS = YES;
				CLANG_ANALYZER_NONNULL = YES;
				CLANG_ANALYZER_NUMBER_OBJECT_CONVERSION = YES_AGGRESSIVE;
				CLANG_CXX_LANGUAGE_STANDARD = "gnu++20";
				CLANG_ENABLE_MODULES = YES;
				CLANG_ENABLE_OBJC_ARC = YES;
				CLANG_ENABLE_OBJC_WEAK = YES;
				CLANG_WARN_BLOCK_CAPTURE_AUTORELEASING = YES;
				CLANG_WARN_BOOL_CONVERSION = YES;
				CLANG_WARN_COMMA = YES;
				CLANG_WARN_CONSTANT_CONVERSION = YES;
				CLANG_WARN_DEPRECATED_OBJC_IMPLEMENTATIONS = YES;
				CLANG_WARN_DIRECT_OBJC_ISA_USAGE = YES_ERROR;
				CLANG_WARN_DOCUMENTATION_COMMENTS = YES;
				CLANG_WARN_EMPTY_BODY = YES;
				CLANG_WARN_ENUM_CONVERSION = YES;
				CLANG_WARN_INFINITE_RECURSION = YES;
				CLANG_WARN_INT_CONVERSION = YES;
				CLANG_WARN_NON_LITERAL_NULL_CONVERSION = YES;
				CLANG_WARN_OBJC_IMPLICIT_RETAIN_SELF = YES;
				CLANG_WARN_OBJC_LITERAL_CONVERSION = YES;
				CLANG_WARN_OBJC_ROOT_CLASS = YES_ERROR;
				CLANG_WARN_QUOTED_INCLUDE_IN_FRAMEWORK_HEADER = YES;
				CLANG_WARN_RANGE_LOOP_ANALYSIS = YES;
				CLANG_WARN_STRICT_PROTOTYPES = YES;
				CLANG_WARN_SUSPICIOUS_MOVE = YES;
				CLANG_WARN_UNGUARDED_AVAILABILITY = YES_AGGRESSIVE;
				CLANG_WARN_UNREACHABLE_CODE = YES;
				CLANG_WARN__DUPLICATE_METHOD_MATCH = YES;
				COPY_PHASE_STRIP = NO;
				DEBUG_INFORMATION_FORMAT = dwarf;
				ENABLE_STRICT_OBJC_MSGSEND = YES;
				ENABLE_TESTABILITY = YES;
				ENABLE_USER_SCRIPT_SANDBOXING = YES;
				GCC_C_LANGUAGE_STANDARD = gnu17;
				GCC_DYNAMIC_NO_PIC = NO;
				GCC_NO_COMMON_BLOCKS = YES;
				GCC_OPTIMIZATION_LEVEL = 0;
				GCC_PREPROCESSOR_DEFINITIONS = (
					"DEBUG=1",
					"$(inherited)",
				);
				GCC_WARN_64_TO_32_BIT_CONVERSION = YES;
				GCC_WARN_ABOUT_RETURN_TYPE = YES_ERROR;
				GCC_WARN_UNDECLARED_SELECTOR = YES;
				GCC_WARN_UNINITIALIZED_AUTOS = YES_AGGRESSIVE;
				GCC_WARN_UNUSED_FUNCTION = YES;
				GCC_WARN_UNUSED_VARIABLE = YES;
				IPHONEOS_DEPLOYMENT_TARGET = 18.2;
				LOCALIZATION_PREFERS_STRING_CATALOGS = YES;
				MTL_ENABLE_DEBUG_INFO = INCLUDE_SOURCE;
				MTL_FAST_MATH = YES;
				ONLY_ACTIVE_ARCH = YES;
				SDKROOT = iphoneos;
				SWIFT_ACTIVE_COMPILATION_CONDITIONS = "DEBUG $(inherited)";
				SWIFT_OPTIMIZATION_LEVEL = "-Onone";
			};
			name = Debug;
		};
		AFBB7A1830153DE6002FBECF /* Release */ = {
			isa = XCBuildConfiguration;
			buildSettings = {
				ALWAYS_SEARCH_USER_PATHS = NO;
				ASSETCATALOG_COMPILER_GENERATE_SWIFT_ASSET_SYMBOL_EXTENSIONS = YES;
				CLANG_ANALYZER_NONNULL = YES;
				CLANG_ANALYZER_NUMBER_OBJECT_CONVERSION = YES_AGGRESSIVE;
				CLANG_CXX_LANGUAGE_STANDARD = "gnu++20";
				CLANG_ENABLE_MODULES = YES;
				CLANG_ENABLE_OBJC_ARC = YES;
				CLANG_ENABLE_OBJC_WEAK = YES;
				CLANG_WARN_BLOCK_CAPTURE_AUTORELEASING = YES;
				CLANG_WARN_BOOL_CONVERSION = YES;
				CLANG_WARN_COMMA = YES;
				CLANG_WARN_CONSTANT_CONVERSION = YES;
				CLANG_WARN_DEPRECATED_OBJC_IMPLEMENTATIONS = YES;
				CLANG_WARN_DIRECT_OBJC_ISA_USAGE = YES_ERROR;
				CLANG_WARN_DOCUMENTATION_COMMENTS = YES;
				CLANG_WARN_EMPTY_BODY = YES;
				CLANG_WARN_ENUM_CONVERSION = YES;
				CLANG_WARN_INFINITE_RECURSION = YES;
				CLANG_WARN_INT_CONVERSION = YES;
				CLANG_WARN_NON_LITERAL_NULL_CONVERSION = YES;
				CLANG_WARN_OBJC_IMPLICIT_RETAIN_SELF = YES;
				CLANG_WARN_OBJC_LITERAL_CONVERSION = YES;
				CLANG_WARN_OBJC_ROOT_CLASS = YES_ERROR;
				CLANG_WARN_QUOTED_INCLUDE_IN_FRAMEWORK_HEADER = YES;
				CLANG_WARN_RANGE_LOOP_ANALYSIS = YES;
				CLANG_WARN_STRICT_PROTOTYPES = YES;
				CLANG_WARN_SUSPICIOUS_MOVE = YES;
				CLANG_WARN_UNGUARDED_AVAILABILITY = YES_AGGRESSIVE;
				CLANG_WARN_UNREACHABLE_CODE = YES;
				CLANG_WARN__DUPLICATE_METHOD_MATCH = YES;
				COPY_PHASE_STRIP = NO;
				DEBUG_INFORMATION_FORMAT = "dwarf-with-dsym";
				ENABLE_NS_ASSERTIONS = NO;
				ENABLE_STRICT_OBJC_MSGSEND = YES;
				ENABLE_USER_SCRIPT_SANDBOXING = YES;
				GCC_C_LANGUAGE_STANDARD = gnu17;
				GCC_NO_COMMON_BLOCKS = YES;
				GCC_WARN_64_TO_32_BIT_CONVERSION = YES;
				GCC_WARN_ABOUT_RETURN_TYPE = YES_ERROR;
				GCC_WARN_UNDECLARED_SELECTOR = YES;
				GCC_WARN_UNINITIALIZED_AUTOS = YES_AGGRESSIVE;
				GCC_WARN_UNUSED_FUNCTION = YES;
				GCC_WARN_UNUSED_VARIABLE = YES;
				IPHONEOS_DEPLOYMENT_TARGET = 18.2;
				LOCALIZATION_PREFERS_STRING_CATALOGS = YES;
				MTL_ENABLE_DEBUG_INFO = NO;
				MTL_FAST_MATH = YES;
				SDKROOT = iphoneos;
				SWIFT_COMPILATION_MODE = wholemodule;
				VALIDATE_PRODUCT = YES;
			};
			name = Release;
		};
		AFBB7A1A30153DE6002FBECF /* Debug */ = {
			isa = XCBuildConfiguration;
			buildSettings = {
				ASSETCATALOG_COMPILER_APPICON_NAME = AppIcon;
				ASSETCATALOG_COMPILER_GLOBAL_ACCENT_COLOR_NAME = AccentColor;
				CODE_SIGN_STYLE = Automatic;
				CURRENT_PROJECT_VERSION = 1;
				DEVELOPMENT_ASSET_PATHS = "\"fast-vocab/Preview Content\"";
				DEVELOPMENT_TEAM = WBH68LQK5K;
				ENABLE_PREVIEWS = YES;
				GENERATE_INFOPLIST_FILE = YES;
				INFOPLIST_KEY_UIApplicationSceneManifest_Generation = YES;
				INFOPLIST_KEY_UIApplicationSupportsIndirectInputEvents = YES;
				INFOPLIST_KEY_UILaunchScreen_Generation = YES;
				INFOPLIST_KEY_UISupportedInterfaceOrientations_iPad = "UIInterfaceOrientationPortrait UIInterfaceOrientationPortraitUpsideDown UIInterfaceOrientationLandscapeLeft UIInterfaceOrientationLandscapeRight";
				INFOPLIST_KEY_UISupportedInterfaceOrientations_iPhone = "UIInterfaceOrientationPortrait UIInterfaceOrientationLandscapeLeft UIInterfaceOrientationLandscapeRight";
				LD_RUNPATH_SEARCH_PATHS = (
					"$(inherited)",
					"@executable_path/Frameworks",
				);
				MARKETING_VERSION = 1.0;
				PRODUCT_BUNDLE_IDENTIFIER = "com.brightwater.fast-vocab";
				PRODUCT_NAME = "$(TARGET_NAME)";
				SWIFT_EMIT_LOC_STRINGS = YES;
				SWIFT_VERSION = 5.0;
				TARGETED_DEVICE_FAMILY = "1,2";
			};
			name = Debug;
		};
		AFBB7A1B30153DE6002FBECF /* Release */ = {
			isa = XCBuildConfiguration;
			buildSettings = {
				ASSETCATALOG_COMPILER_APPICON_NAME = AppIcon;
				ASSETCATALOG_COMPILER_GLOBAL_ACCENT_COLOR_NAME = AccentColor;
				CODE_SIGN_STYLE = Automatic;
				CURRENT_PROJECT_VERSION = 1;
				DEVELOPMENT_ASSET_PATHS = "\"fast-vocab/Preview Content\"";
				DEVELOPMENT_TEAM = WBH68LQK5K;
				ENABLE_PREVIEWS = YES;
				GENERATE_INFOPLIST_FILE = YES;
				INFOPLIST_KEY_UIApplicationSceneManifest_Generation = YES;
				INFOPLIST_KEY_UIApplicationSupportsIndirectInputEvents = YES;
				INFOPLIST_KEY_UILaunchScreen_Generation = YES;
				INFOPLIST_KEY_UISupportedInterfaceOrientations_iPad = "UIInterfaceOrientationPortrait UIInterfaceOrientationPortraitUpsideDown UIInterfaceOrientationLandscapeLeft UIInterfaceOrientationLandscapeRight";
				INFOPLIST_KEY_UISupportedInterfaceOrientations_iPhone = "UIInterfaceOrientationPortrait UIInterfaceOrientationLandscapeLeft UIInterfaceOrientationLandscapeRight";
				LD_RUNPATH_SEARCH_PATHS = (
					"$(inherited)",
					"@executable_path/Frameworks",
				);
				MARKETING_VERSION = 1.0;
				PRODUCT_BUNDLE_IDENTIFIER = "com.brightwater.fast-vocab";
				PRODUCT_NAME = "$(TARGET_NAME)";
				SWIFT_EMIT_LOC_STRINGS = YES;
				SWIFT_VERSION = 5.0;
				TARGETED_DEVICE_FAMILY = "1,2";
			};
			name = Release;
		};
		AFBB7A1D30153DE6002FBECF /* Debug */ = {
			isa = XCBuildConfiguration;
			buildSettings = {
				BUNDLE_LOADER = "$(TEST_HOST)";
				CODE_SIGN_STYLE = Automatic;
				CURRENT_PROJECT_VERSION = 1;
				DEVELOPMENT_TEAM = WBH68LQK5K;
				GENERATE_INFOPLIST_FILE = YES;
				IPHONEOS_DEPLOYMENT_TARGET = 18.2;
				MARKETING_VERSION = 1.0;
				PRODUCT_BUNDLE_IDENTIFIER = "com.brightwater.fast-vocabTests";
				PRODUCT_NAME = "$(TARGET_NAME)";
				SWIFT_EMIT_LOC_STRINGS = NO;
				SWIFT_VERSION = 5.0;
				TARGETED_DEVICE_FAMILY = "1,2";
				TEST_HOST = "$(BUILT_PRODUCTS_DIR)/fast-vocab.app/$(BUNDLE_EXECUTABLE_FOLDER_PATH)/fast-vocab";
			};
			name = Debug;
		};
		AFBB7A1E30153DE6002FBECF /* Release */ = {
			isa = XCBuildConfiguration;
			buildSettings = {
				BUNDLE_LOADER = "$(TEST_HOST)";
				CODE_SIGN_STYLE = Automatic;
				CURRENT_PROJECT_VERSION = 1;
				DEVELOPMENT_TEAM = WBH68LQK5K;
				GENERATE_INFOPLIST_FILE = YES;
				IPHONEOS_DEPLOYMENT_TARGET = 18.2;
				MARKETING_VERSION = 1.0;
				PRODUCT_BUNDLE_IDENTIFIER = "com.brightwater.fast-vocabTests";
				PRODUCT_NAME = "$(TARGET_NAME)";
				SWIFT_EMIT_LOC_STRINGS = NO;
				SWIFT_VERSION = 5.0;
				TARGETED_DEVICE_FAMILY = "1,2";
				TEST_HOST = "$(BUILT_PRODUCTS_DIR)/fast-vocab.app/$(BUNDLE_EXECUTABLE_FOLDER_PATH)/fast-vocab";
			};
			name = Release;
		};
		AFBB7A2030153DE6002FBECF /* Debug */ = {
			isa = XCBuildConfiguration;
			buildSettings = {
				CODE_SIGN_STYLE = Automatic;
				CURRENT_PROJECT_VERSION = 1;
				DEVELOPMENT_TEAM = WBH68LQK5K;
				GENERATE_INFOPLIST_FILE = YES;
				MARKETING_VERSION = 1.0;
				PRODUCT_BUNDLE_IDENTIFIER = "com.brightwater.fast-vocabUITests";
				PRODUCT_NAME = "$(TARGET_NAME)";
				SWIFT_EMIT_LOC_STRINGS = NO;
				SWIFT_VERSION = 5.0;
				TARGETED_DEVICE_FAMILY = "1,2";
				TEST_TARGET_NAME = "fast-vocab";
			};
			name = Debug;
		};
		AFBB7A2130153DE6002FBECF /* Release */ = {
			isa = XCBuildConfiguration;
			buildSettings = {
				CODE_SIGN_STYLE = Automatic;
				CURRENT_PROJECT_VERSION = 1;
				DEVELOPMENT_TEAM = WBH68LQK5K;
				GENERATE_INFOPLIST_FILE = YES;
				MARKETING_VERSION = 1.0;
				PRODUCT_BUNDLE_IDENTIFIER = "com.brightwater.fast-vocabUITests";
				PRODUCT_NAME = "$(TARGET_NAME)";
				SWIFT_EMIT_LOC_STRINGS = NO;
				SWIFT_VERSION = 5.0;
				TARGETED_DEVICE_FAMILY = "1,2";
				TEST_TARGET_NAME = "fast-vocab";
			};
			name = Release;
		};
/* End XCBuildConfiguration section */

/* Begin XCConfigurationList section */
		AFBB79EE30153DE5002FBECF /* Build configuration list for PBXProject "fast-vocab" */ = {
			isa = XCConfigurationList;
			buildConfigurations = (
				AFBB7A1730153DE6002FBECF /* Debug */,
				AFBB7A1830153DE6002FBECF /* Release */,
			);
			defaultConfigurationIsVisible = 0;
			defaultConfigurationName = Release;
		};
		AFBB7A1930153DE6002FBECF /* Build configuration list for PBXNativeTarget "fast-vocab" */ = {
			isa = XCConfigurationList;
			buildConfigurations = (
				AFBB7A1A30153DE6002FBECF /* Debug */,
				AFBB7A1B30153DE6002FBECF /* Release */,
			);
			defaultConfigurationIsVisible = 0;
			defaultConfigurationName = Release;
		};
		AFBB7A1C30153DE6002FBECF /* Build configuration list for PBXNativeTarget "fast-vocabTests" */ = {
			isa = XCConfigurationList;
			buildConfigurations = (
				AFBB7A1D30153DE6002FBECF /* Debug */,
				AFBB7A1E30153DE6002FBECF /* Release */,
			);
			defaultConfigurationIsVisible = 0;
			defaultConfigurationName = Release;
		};
		AFBB7A1F30153DE6002FBECF /* Build configuration list for PBXNativeTarget "fast-vocabUITests" */ = {
			isa = XCConfigurationList;
			buildConfigurations = (
				AFBB7A2030153DE6002FBECF /* Debug */,
				AFBB7A2130153DE6002FBECF /* Release */,
			);
			defaultConfigurationIsVisible = 0;
			defaultConfigurationName = Release;
		};
/* End XCConfigurationList section */
	};
	rootObject = AFBB79EB30153DE5002FBECF /* Project object */;
}
